
Microsoft Visual Studio Solution File, Format Version 12.00
# Visual Studio 15
VisualStudioVersion = 15.0.26730.12
MinimumVisualStudioVersion = 10.0.40219.1
Project("{FAE04EC0-301F-11D3-BF4B-00C04F79EFBC}") = "ServiceInstaller", "ServiceInstaller\ServiceInstaller.csproj", "{72A158EA-C368-4FCA-A0C0-135469DED3BE}"
EndProject
Global
	GlobalSection(SolutionConfigurationPlatforms) = preSolution
		Debug|Any CPU = Debug|Any CPU
		Release|Any CPU = Release|Any CPU
	EndGlobalSection
	GlobalSection(ProjectConfigurationPlatforms) = postSolution
		{72A158EA-C368-4FCA-A0C0-135469DED3BE}.Debug|Any CPU.ActiveCfg = Debug|Any CPU
		{72A158EA-C368-4FCA-A0C0-135469DED3BE}.Debug|Any CPU.Build.0 = Debug|Any CPU
		{72A158EA-C368-4FCA-A0C0-135469DED3BE}.Release|Any CPU.ActiveCfg = Release|Any CPU
		{72A158EA-C368-4FCA-A0C0-135469DED3BE}.Release|Any CPU.Build.0 = Release|Any CPU
	EndGlobalSection
	GlobalSection(SolutionProperties) = preSolution
		HideSolutionNode = FALSE
	EndGlobalSection
	GlobalSection(ExtensibilityGlobals) = postSolution
		SolutionGuid = {B82C0A3B-B231-4BD9-81F3-CB17A5E4891B}
	EndGlobalSection
EndGlobal
